# This file is generated by running "yarn install" inside your project.
# Manual changes might be lost - proceed with caution!

__metadata:
  version: 8
  cacheKey: 10c0

"@electron/github-app-auth@workspace:.":
  version: 0.0.0-use.local
  resolution: "@electron/github-app-auth@workspace:."
  dependencies:
    "@octokit/auth-app": "npm:^8.1.0"
    "@octokit/rest": "npm:^22.0.0"
    "@octokit/types": "npm:^14.1.0"
    "@tsconfig/node22": "npm:^22.0.2"
    "@types/node": "npm:^22.18.0"
    prettier: "npm:^3.6.2"
    typescript: "npm:^5.9.2"
  bin:
    github-app-auth-build: dist/bin.js
  languageName: unknown
  linkType: soft

"@octokit/auth-app@npm:^8.1.0":
  version: 8.1.0
  resolution: "@octokit/auth-app@npm:8.1.0"
  dependencies:
    "@octokit/auth-oauth-app": "npm:^9.0.1"
    "@octokit/auth-oauth-user": "npm:^6.0.0"
    "@octokit/request": "npm:^10.0.2"
    "@octokit/request-error": "npm:^7.0.0"
    "@octokit/types": "npm:^14.0.0"
    toad-cache: "npm:^3.7.0"
    universal-github-app-jwt: "npm:^2.2.0"
    universal-user-agent: "npm:^7.0.0"
  checksum: 10c0/8852c697b04d77ab0aae704e8ee3c6c0ed2810429195f984d2f28833a97170f2d8d9b73f94a50524e2ae93b66841a1e6bc01bb80fd58362d5a40c56d6807a11e
  languageName: node
  linkType: hard

"@octokit/auth-oauth-app@npm:^9.0.1":
  version: 9.0.1
  resolution: "@octokit/auth-oauth-app@npm:9.0.1"
  dependencies:
    "@octokit/auth-oauth-device": "npm:^8.0.1"
    "@octokit/auth-oauth-user": "npm:^6.0.0"
    "@octokit/request": "npm:^10.0.2"
    "@octokit/types": "npm:^14.0.0"
    universal-user-agent: "npm:^7.0.0"
  checksum: 10c0/625524f3cef4eae845129463db70d943c8730a992adc365fc1919100d992cb85d4fc988a7b7f16ca4c9637370c3eeeeb0815f087b18e97a509654ab097044cd0
  languageName: node
  linkType: hard

"@octokit/auth-oauth-device@npm:^8.0.1":
  version: 8.0.1
  resolution: "@octokit/auth-oauth-device@npm:8.0.1"
  dependencies:
    "@octokit/oauth-methods": "npm:^6.0.0"
    "@octokit/request": "npm:^10.0.2"
    "@octokit/types": "npm:^14.0.0"
    universal-user-agent: "npm:^7.0.0"
  checksum: 10c0/814e63a2f63d440a8c9b01dff75b71238ee43f509bcb0740ded5a88bb1359dd884e931b9a6c98ec8a29b0f227c4d212442662b0039f7c1f1a9f63b59262b00e9
  languageName: node
  linkType: hard

"@octokit/auth-oauth-user@npm:^6.0.0":
  version: 6.0.0
  resolution: "@octokit/auth-oauth-user@npm:6.0.0"
  dependencies:
    "@octokit/auth-oauth-device": "npm:^8.0.1"
    "@octokit/oauth-methods": "npm:^6.0.0"
    "@octokit/request": "npm:^10.0.2"
    "@octokit/types": "npm:^14.0.0"
    universal-user-agent: "npm:^7.0.0"
  checksum: 10c0/fcefb664c809d1070a00bb5c6059d19e1aeb6d33fe89c46f477720b545788069b533be3ded1651d1d384ffd4e7e75435c8b3e44ed3b42aea626873d1ef8758c6
  languageName: node
  linkType: hard

"@octokit/auth-token@npm:^6.0.0":
  version: 6.0.0
  resolution: "@octokit/auth-token@npm:6.0.0"
  checksum: 10c0/32ecc904c5f6f4e5d090bfcc679d70318690c0a0b5040cd9a25811ad9dcd44c33f2cf96b6dbee1cd56cf58fde28fb1819c01b58718aa5c971f79c822357cb5c0
  languageName: node
  linkType: hard

"@octokit/core@npm:^7.0.2":
  version: 7.0.3
  resolution: "@octokit/core@npm:7.0.3"
  dependencies:
    "@octokit/auth-token": "npm:^6.0.0"
    "@octokit/graphql": "npm:^9.0.1"
    "@octokit/request": "npm:^10.0.2"
    "@octokit/request-error": "npm:^7.0.0"
    "@octokit/types": "npm:^14.0.0"
    before-after-hook: "npm:^4.0.0"
    universal-user-agent: "npm:^7.0.0"
  checksum: 10c0/51427b4c3337e15b394d60277b673c5628a72d245a23b1a446e4249d15e37983fa01d09f10c8ab281207e024929f4d2f6cc27a4d345ec0ece2df78d42586d846
  languageName: node
  linkType: hard

"@octokit/endpoint@npm:^11.0.0":
  version: 11.0.0
  resolution: "@octokit/endpoint@npm:11.0.0"
  dependencies:
    "@octokit/types": "npm:^14.0.0"
    universal-user-agent: "npm:^7.0.2"
  checksum: 10c0/ba929128af5327393fdb3a31f416277ae3036a44566d35955a4eddd484a15b5ddc6abe219a56355f3313c7197d59f4e8bf574a4f0a8680bc1c8725b88433d391
  languageName: node
  linkType: hard

"@octokit/graphql@npm:^9.0.1":
  version: 9.0.1
  resolution: "@octokit/graphql@npm:9.0.1"
  dependencies:
    "@octokit/request": "npm:^10.0.2"
    "@octokit/types": "npm:^14.0.0"
    universal-user-agent: "npm:^7.0.0"
  checksum: 10c0/d80ec923b7624e8a7c84430a287ff18da3c77058e3166ce8e9a67950af00e88767f85d973b4032fc837b67b72d02b323aff2d8f7eeae1ae463bde1a51ddcb83d
  languageName: node
  linkType: hard

"@octokit/oauth-authorization-url@npm:^8.0.0":
  version: 8.0.0
  resolution: "@octokit/oauth-authorization-url@npm:8.0.0"
  checksum: 10c0/ab4964bebd8d076f945a2f3210a8a0a221a408362569d9fc2f49875ad06e594365f5fd871dac08d820793f687bff50237f7acf40d9d39c5f9de7575b6f4bad93
  languageName: node
  linkType: hard

"@octokit/oauth-methods@npm:^6.0.0":
  version: 6.0.0
  resolution: "@octokit/oauth-methods@npm:6.0.0"
  dependencies:
    "@octokit/oauth-authorization-url": "npm:^8.0.0"
    "@octokit/request": "npm:^10.0.2"
    "@octokit/request-error": "npm:^7.0.0"
    "@octokit/types": "npm:^14.0.0"
  checksum: 10c0/2d36706a76c375a2c1fc07948658028e97033cfcba6e07e0ae0a058d13d848288344c5ebf7e8b8712ba580a4f1f8e50934107cd18829315b126d7b09980ea1a7
  languageName: node
  linkType: hard

"@octokit/openapi-types@npm:^25.1.0":
  version: 25.1.0
  resolution: "@octokit/openapi-types@npm:25.1.0"
  checksum: 10c0/b5b1293b11c6ec7112c7a2713f8507c2696d5db8902ce893b594080ab0329f5a6fcda1b5ac6fe6eed9425e897f4d03326c1bdf5c337e35d324e7b925e52a2661
  languageName: node
  linkType: hard

"@octokit/plugin-paginate-rest@npm:^13.0.1":
  version: 13.1.1
  resolution: "@octokit/plugin-paginate-rest@npm:13.1.1"
  dependencies:
    "@octokit/types": "npm:^14.1.0"
  peerDependencies:
    "@octokit/core": ">=6"
  checksum: 10c0/88d80608881df88f8e832856e9279ac1c1af30ced9adb7c847f4d120b4bb308c2ab9d791ffd4c9585759e57a938798b4c3f2f988a389f2d78a61aaaebc36ffa7
  languageName: node
  linkType: hard

"@octokit/plugin-request-log@npm:^6.0.0":
  version: 6.0.0
  resolution: "@octokit/plugin-request-log@npm:6.0.0"
  peerDependencies:
    "@octokit/core": ">=6"
  checksum: 10c0/40e46ad0c77235742d0bf698ab4e17df1ae06e0d7824ffc5867ed71e27de860875adb73d89629b823fe8647459a8f262c26ed1aa6ee374873fa94095f37df0bb
  languageName: node
  linkType: hard

"@octokit/plugin-rest-endpoint-methods@npm:^16.0.0":
  version: 16.0.0
  resolution: "@octokit/plugin-rest-endpoint-methods@npm:16.0.0"
  dependencies:
    "@octokit/types": "npm:^14.1.0"
  peerDependencies:
    "@octokit/core": ">=6"
  checksum: 10c0/6cfe068dbd550bd5914374e65b89482b9deac29f6c26bf02ab6298e956d95b62fc15a2a49dfc6ff76f5938c6ff7fdfe5b7eccdb7551eaff8b1daf7394bc946cb
  languageName: node
  linkType: hard

"@octokit/request-error@npm:^7.0.0":
  version: 7.0.0
  resolution: "@octokit/request-error@npm:7.0.0"
  dependencies:
    "@octokit/types": "npm:^14.0.0"
  checksum: 10c0/e52bdd832a0187d66b20da5716c374d028f63d824908a9e16cad462754324083839b11cf6956e1d23f6112d3c77f17334ebbd80f49d56840b2b03ed9abef8cb0
  languageName: node
  linkType: hard

"@octokit/request@npm:^10.0.2":
  version: 10.0.3
  resolution: "@octokit/request@npm:10.0.3"
  dependencies:
    "@octokit/endpoint": "npm:^11.0.0"
    "@octokit/request-error": "npm:^7.0.0"
    "@octokit/types": "npm:^14.0.0"
    fast-content-type-parse: "npm:^3.0.0"
    universal-user-agent: "npm:^7.0.2"
  checksum: 10c0/2d9b2134390ef3aa9fe0c5e659fe93dd94fbabc4dcc6da6e16998dc84b5bda200e6b7a4e178f567883d0ba99c0ea5a6d095a417d86d76854569196c39d2f9a6d
  languageName: node
  linkType: hard

"@octokit/rest@npm:^22.0.0":
  version: 22.0.0
  resolution: "@octokit/rest@npm:22.0.0"
  dependencies:
    "@octokit/core": "npm:^7.0.2"
    "@octokit/plugin-paginate-rest": "npm:^13.0.1"
    "@octokit/plugin-request-log": "npm:^6.0.0"
    "@octokit/plugin-rest-endpoint-methods": "npm:^16.0.0"
  checksum: 10c0/aea3714301f43fbadb22048045a7aef417cdefa997d1baf0b26860eaa9038fb033f7d4299eab06af57a03433871084cf38144fc5414caf80accce714e76d34e2
  languageName: node
  linkType: hard

"@octokit/types@npm:^14.0.0, @octokit/types@npm:^14.1.0":
  version: 14.1.0
  resolution: "@octokit/types@npm:14.1.0"
  dependencies:
    "@octokit/openapi-types": "npm:^25.1.0"
  checksum: 10c0/4640a6c0a95386be4d015b96c3a906756ea657f7df3c6e706d19fea6bf3ac44fd2991c8c817afe1e670ff9042b85b0e06f7fd373f6bbd47da64208701bb46d5b
  languageName: node
  linkType: hard

"@tsconfig/node22@npm:^22.0.2":
  version: 22.0.2
  resolution: "@tsconfig/node22@npm:22.0.2"
  checksum: 10c0/c75e6b9ea86ec2a384adefac0e2f16a6c08202ae5cf6c8c745944396a6931ffb38e742809491c1882d1868c2af1c33744193701779674bfb1e05f6a130045a18
  languageName: node
  linkType: hard

"@types/node@npm:^22.18.0":
  version: 22.18.0
  resolution: "@types/node@npm:22.18.0"
  dependencies:
    undici-types: "npm:~6.21.0"
  checksum: 10c0/02cce4493eee8408e66e76fcad164f33c0600ed0854ad08e5519a76a06402da5b589b278cf71bc975c9e014f2668bdf758bc3be7fed63bdbfd0900495372797c
  languageName: node
  linkType: hard

"before-after-hook@npm:^4.0.0":
  version: 4.0.0
  resolution: "before-after-hook@npm:4.0.0"
  checksum: 10c0/9f8ae8d1b06142bcfb9ef6625226b5e50348bb11210f266660eddcf9734e0db6f9afc4cb48397ee3f5ac0a3728f3ae401cdeea88413f7bed748a71db84657be2
  languageName: node
  linkType: hard

"fast-content-type-parse@npm:^3.0.0":
  version: 3.0.0
  resolution: "fast-content-type-parse@npm:3.0.0"
  checksum: 10c0/06251880c83b7118af3a5e66e8bcee60d44f48b39396fc60acc2b4630bd5f3e77552b999b5c8e943d45a818854360e5e97164c374ec4b562b4df96a2cdf2e188
  languageName: node
  linkType: hard

"prettier@npm:^3.6.2":
  version: 3.6.2
  resolution: "prettier@npm:3.6.2"
  bin:
    prettier: bin/prettier.cjs
  checksum: 10c0/488cb2f2b99ec13da1e50074912870217c11edaddedeadc649b1244c749d15ba94e846423d062e2c4c9ae683e2d65f754de28889ba06e697ac4f988d44f45812
  languageName: node
  linkType: hard

"toad-cache@npm:^3.7.0":
  version: 3.7.0
  resolution: "toad-cache@npm:3.7.0"
  checksum: 10c0/7dae2782ee20b22c9798bb8b71dec7ec6a0091021d2ea9dd6e8afccab6b65b358fdba49a02209fac574499702e2c000660721516c87c2538d1b2c0ba03e8c0c3
  languageName: node
  linkType: hard

"typescript@npm:^5.9.2":
  version: 5.9.2
  resolution: "typescript@npm:5.9.2"
  bin:
    tsc: bin/tsc
    tsserver: bin/tsserver
  checksum: 10c0/cd635d50f02d6cf98ed42de2f76289701c1ec587a363369255f01ed15aaf22be0813226bff3c53e99d971f9b540e0b3cc7583dbe05faded49b1b0bed2f638a18
  languageName: node
  linkType: hard

"typescript@patch:typescript@npm%3A^5.9.2#optional!builtin<compat/typescript>":
  version: 5.9.2
  resolution: "typescript@patch:typescript@npm%3A5.9.2#optional!builtin<compat/typescript>::version=5.9.2&hash=5786d5"
  bin:
    tsc: bin/tsc
    tsserver: bin/tsserver
  checksum: 10c0/34d2a8e23eb8e0d1875072064d5e1d9c102e0bdce56a10a25c0b917b8aa9001a9cf5c225df12497e99da107dc379360bc138163c66b55b95f5b105b50578067e
  languageName: node
  linkType: hard

"undici-types@npm:~6.21.0":
  version: 6.21.0
  resolution: "undici-types@npm:6.21.0"
  checksum: 10c0/c01ed51829b10aa72fc3ce64b747f8e74ae9b60eafa19a7b46ef624403508a54c526ffab06a14a26b3120d055e1104d7abe7c9017e83ced038ea5cf52f8d5e04
  languageName: node
  linkType: hard

"universal-github-app-jwt@npm:^2.2.0":
  version: 2.2.0
  resolution: "universal-github-app-jwt@npm:2.2.0"
  checksum: 10c0/590a557ef0a675ebafc4813d95459f30a301ce6e9e8f3a91b8a9d79fde09a30a955a145387957b91c9107d9ffb0879838e52edeb3a1366dbece961c44a9917a9
  languageName: node
  linkType: hard

"universal-user-agent@npm:^7.0.0, universal-user-agent@npm:^7.0.2":
  version: 7.0.2
  resolution: "universal-user-agent@npm:7.0.2"
  checksum: 10c0/e60517ee929813e6b3ac0ceb3c66deccafadc71341edca160279ff046319c684fd7090a60d63aa61cd34a06c2d2acebeb8c2f8d364244ae7bf8ab788e20cd8c8
  languageName: node
  linkType: hard
